// !$*UTF8*$!
{
	archiveVersion = 1;
	classes = {
	};
	objectVersion = 46;
	objects = {

/* Begin PBXBuildFile section */
		25066EDA166A5EF70095C3CC /* StrataToolsView.m in Sources */ = {isa = PBXBuildFile; fileRef = 25066ED9166A5EF70095C3CC /* StrataToolsView.m */; };
		25066EE1166A67CB0095C3CC /* cut.png in Resources */ = {isa = PBXBuildFile; fileRef = 25066EE0166A67CB0095C3CC /* cut.png */; };
		25066EE3166A79040095C3CC /* anchor.png in Resources */ = {isa = PBXBuildFile; fileRef = 25066EE2166A79040095C3CC /* anchor.png */; };
		2536509F1800AEE600114127 /* ApplicationIcon.png in Resources */ = {isa = PBXBuildFile; fileRef = 2536509D1800AEE600114127 /* ApplicationIcon.png */; };
		253650AE1803B55C00114127 /* SettingsNavigationController.m in Sources */ = {isa = PBXBuildFile; fileRef = 253650AD1803B55B00114127 /* SettingsNavigationController.m */; };
		25890D851655B2670007BC72 /* StratumMaterialsTableController.m in Sources */ = {isa = PBXBuildFile; fileRef = 25890D841655B2670007BC72 /* StratumMaterialsTableController.m */; };
		25890D881655D8990007BC72 /* MaterialPatternView.m in Sources */ = {isa = PBXBuildFile; fileRef = 25890D871655D8990007BC72 /* MaterialPatternView.m */; };
		25890D8B1655DAD20007BC72 /* MaterialTableViewCell.m in Sources */ = {isa = PBXBuildFile; fileRef = 25890D8A1655DAD20007BC72 /* MaterialTableViewCell.m */; };
		2589CF07163F897C00E43147 /* UIKit.framework in Frameworks */ = {isa = PBXBuildFile; fileRef = 2589CF06163F897C00E43147 /* UIKit.framework */; };
		2589CF09163F897C00E43147 /* Foundation.framework in Frameworks */ = {isa = PBXBuildFile; fileRef = 2589CF08163F897C00E43147 /* Foundation.framework */; };
		2589CF0B163F897C00E43147 /* CoreGraphics.framework in Frameworks */ = {isa = PBXBuildFile; fileRef = 2589CF0A163F897C00E43147 /* CoreGraphics.framework */; };
		2589CF11163F897C00E43147 /* InfoPlist.strings in Resources */ = {isa = PBXBuildFile; fileRef = 2589CF0F163F897C00E43147 /* InfoPlist.strings */; };
		2589CF13163F897C00E43147 /* main.m in Sources */ = {isa = PBXBuildFile; fileRef = 2589CF12163F897C00E43147 /* main.m */; };
		2589CF17163F897C00E43147 /* StrataAppDelegate.m in Sources */ = {isa = PBXBuildFile; fileRef = 2589CF16163F897C00E43147 /* StrataAppDelegate.m */; };
		2589CF19163F897D00E43147 /* Default.png in Resources */ = {isa = PBXBuildFile; fileRef = 2589CF18163F897D00E43147 /* Default.png */; };
		2589CF1B163F897D00E43147 /* Default@2x.png in Resources */ = {isa = PBXBuildFile; fileRef = 2589CF1A163F897D00E43147 /* Default@2x.png */; };
		2589CF1D163F897D00E43147 /* Default-568h@2x.png in Resources */ = {isa = PBXBuildFile; fileRef = 2589CF1C163F897D00E43147 /* Default-568h@2x.png */; };
		2589CF20163F897D00E43147 /* MainStoryboard.storyboard in Resources */ = {isa = PBXBuildFile; fileRef = 2589CF1E163F897D00E43147 /* MainStoryboard.storyboard */; };
		2589CF23163F897D00E43147 /* StrataViewController.m in Sources */ = {isa = PBXBuildFile; fileRef = 2589CF22163F897D00E43147 /* StrataViewController.m */; };
		2589CF2E163F8AE200E43147 /* StrataView.m in Sources */ = {isa = PBXBuildFile; fileRef = 2589CF2D163F8AE200E43147 /* StrataView.m */; };
		258C79461654877D0040F759 /* patterns descriptive text.txt in Resources */ = {isa = PBXBuildFile; fileRef = 258C79451654877D0040F759 /* patterns descriptive text.txt */; };
		258C982E166C1A7300665158 /* paleocurrent.png in Resources */ = {isa = PBXBuildFile; fileRef = 258C982D166C1A7300665158 /* paleocurrent.png */; };
		258CF6C21658CE48001E8D20 /* DocumentListTableViewController.m in Sources */ = {isa = PBXBuildFile; fileRef = 258CF6C11658CE48001E8D20 /* DocumentListTableViewController.m */; };
		258CF6C41658D18C001E8D20 /* rename.tif in Resources */ = {isa = PBXBuildFile; fileRef = 258CF6C31658D18C001E8D20 /* rename.tif */; };
		258CF6C61658D1DA001E8D20 /* duplicate.tif in Resources */ = {isa = PBXBuildFile; fileRef = 258CF6C51658D1DA001E8D20 /* duplicate.tif */; };
		258CF6CB1658D2A1001E8D20 /* blueButton.png in Resources */ = {isa = PBXBuildFile; fileRef = 258CF6C71658D2A1001E8D20 /* blueButton.png */; };
		258CF6CC1658D2A1001E8D20 /* darkBlueButton.png in Resources */ = {isa = PBXBuildFile; fileRef = 258CF6C81658D2A1001E8D20 /* darkBlueButton.png */; };
		258CF6CD1658D2A1001E8D20 /* darkRedButton.png in Resources */ = {isa = PBXBuildFile; fileRef = 258CF6C91658D2A1001E8D20 /* darkRedButton.png */; };
		258CF6CE1658D2A1001E8D20 /* redButton.png in Resources */ = {isa = PBXBuildFile; fileRef = 258CF6CA1658D2A1001E8D20 /* redButton.png */; };
		258D907916731436007EEC9A /* paleocurrent greyscale.png in Resources */ = {isa = PBXBuildFile; fileRef = 258D907816731436007EEC9A /* paleocurrent greyscale.png */; };
		258E34BE1656E6C200E09A3A /* StrataPageView.m in Sources */ = {isa = PBXBuildFile; fileRef = 258E34BD1656E6C200E09A3A /* StrataPageView.m */; };
		258E5F7E17152CEB006706B3 /* Default~ipad.png in Resources */ = {isa = PBXBuildFile; fileRef = 258E5F7D17152CEB006706B3 /* Default~ipad.png */; };
		258E5F8317152E6C006706B3 /* Default-Landscape~ipad.png in Resources */ = {isa = PBXBuildFile; fileRef = 258E5F8217152E6C006706B3 /* Default-Landscape~ipad.png */; };
		258E73851642F14500C12D43 /* move icon.png in Resources */ = {isa = PBXBuildFile; fileRef = 258E73841642F14500C12D43 /* move icon.png */; };
		258EEBB3175657A10097951A /* SectionLabelDetailTableViewController.m in Sources */ = {isa = PBXBuildFile; fileRef = 258EEBB2175657A10097951A /* SectionLabelDetailTableViewController.m */; };
		258F8BBA171E611B0027EA4D /* paleocurrent selected.png in Resources */ = {isa = PBXBuildFile; fileRef = 258F8BB9171E611B0027EA4D /* paleocurrent selected.png */; };
		258FA2EC1755178B00E439FE /* SectionLabelsTableViewController.m in Sources */ = {isa = PBXBuildFile; fileRef = 258FA2EB1755178B00E439FE /* SectionLabelsTableViewController.m */; };
		258FA2F017551AC400E439FE /* SectionLabelCell.m in Sources */ = {isa = PBXBuildFile; fileRef = 258FA2EF17551AC400E439FE /* SectionLabelCell.m */; };
		258FABA516433356005A00A8 /* IconImage.m in Sources */ = {isa = PBXBuildFile; fileRef = 258FABA416433356005A00A8 /* IconImage.m */; };
		258FABA91643782D005A00A8 /* StrataModel.m in Sources */ = {isa = PBXBuildFile; fileRef = 258FABA81643782D005A00A8 /* StrataModel.m */; };
		259006C61757F29F004DFDC8 /* StratumInfoNavigationController.m in Sources */ = {isa = PBXBuildFile; fileRef = 259006C51757F29E004DFDC8 /* StratumInfoNavigationController.m */; };
		2590CEC5166B24C2009525D8 /* patterns1 multipage.pdf in Resources */ = {isa = PBXBuildFile; fileRef = 2590CEC3166B1105009525D8 /* patterns1 multipage.pdf */; };
		2590DC97171CE43600CEA001 /* QuartzCore.framework in Frameworks */ = {isa = PBXBuildFile; fileRef = 2590DC96171CE43600CEA001 /* QuartzCore.framework */; };
		25911D17174F218100839ED5 /* StratumInfoTableViewController.m in Sources */ = {isa = PBXBuildFile; fileRef = 25911D16174F218100839ED5 /* StratumInfoTableViewController.m */; };
		259129E81648491200C08897 /* move icon selected.png in Resources */ = {isa = PBXBuildFile; fileRef = 259129E71648491200C08897 /* move icon selected.png */; };
		25921D2C168C04D30038E9D9 /* post-it-pencil.png in Resources */ = {isa = PBXBuildFile; fileRef = 25921D2B168C04D30038E9D9 /* post-it-pencil.png */; };
		259318F8176E602600A6341A /* LegendView.m in Sources */ = {isa = PBXBuildFile; fileRef = 259318F7176E602600A6341A /* LegendView.m */; };
		259339BD173C601E009B60E6 /* StratumMaterialsPaletteTableViewController.m in Sources */ = {isa = PBXBuildFile; fileRef = 259339BC173C601E009B60E6 /* StratumMaterialsPaletteTableViewController.m */; };
		25AA3CE91860C82300B01E64 /* Format background.png in Resources */ = {isa = PBXBuildFile; fileRef = 25AA3CE81860C82300B01E64 /* Format background.png */; };
		25C47823185EC6BA0020D30A /* StratumInfoNotesViewController.m in Sources */ = {isa = PBXBuildFile; fileRef = 25C47822185EC6BA0020D30A /* StratumInfoNotesViewController.m */; };
		25C4782F185F5B1C0020D30A /* StratumGranularityViewController.m in Sources */ = {isa = PBXBuildFile; fileRef = 25C4782E185F5B1C0020D30A /* StratumGranularityViewController.m */; };
		25C5AA171755650600A66C08 /* AddSectionLabelViewController.m in Sources */ = {isa = PBXBuildFile; fileRef = 25C5AA161755650600A66C08 /* AddSectionLabelViewController.m */; };
		25E7D2701652C56800109376 /* info icon.png in Resources */ = {isa = PBXBuildFile; fileRef = 25E7D26F1652C56800109376 /* info icon.png */; };
		25E91B2016633CC600AFFC0E /* SettingsTableController.m in Sources */ = {isa = PBXBuildFile; fileRef = 25E91B1F16633CC600AFFC0E /* SettingsTableController.m */; };
		25F3F2F2165B568F001A2F53 /* RenameViewController.m in Sources */ = {isa = PBXBuildFile; fileRef = 25F3F2F1165B568F001A2F53 /* RenameViewController.m */; };
/* End PBXBuildFile section */

/* Begin PBXFileReference section */
		25066ED8166A5EF70095C3CC /* StrataToolsView.h */ = {isa = PBXFileReference; fileEncoding = 4; lastKnownFileType = sourcecode.c.h; name = StrataToolsView.h; path = ../StrataToolsView.h; sourceTree = "<group>"; };
		25066ED9166A5EF70095C3CC /* StrataToolsView.m */ = {isa = PBXFileReference; fileEncoding = 4; lastKnownFileType = sourcecode.c.objc; name = StrataToolsView.m; path = ../StrataToolsView.m; sourceTree = "<group>"; };
		25066EE0166A67CB0095C3CC /* cut.png */ = {isa = PBXFileReference; lastKnownFileType = image.png; name = cut.png; path = images/cut.png; sourceTree = "<group>"; };
		25066EE2166A79040095C3CC /* anchor.png */ = {isa = PBXFileReference; lastKnownFileType = image.png; name = anchor.png; path = images/anchor.png; sourceTree = "<group>"; };
		2536509D1800AEE600114127 /* ApplicationIcon.png */ = {isa = PBXFileReference; lastKnownFileType = image.png; name = ApplicationIcon.png; path = images/ApplicationIcon.png; sourceTree = "<group>"; };
		2536509E1800AEE600114127 /* ApplicationIcon.ai */ = {isa = PBXFileReference; fileEncoding = 4; lastKnownFileType = text; name = ApplicationIcon.ai; path = images/ApplicationIcon.ai; sourceTree = "<group>"; };
		253650A21800AF0C00114127 /* paleocurrent selected.ai */ = {isa = PBXFileReference; fileEncoding = 4; lastKnownFileType = text; name = "paleocurrent selected.ai"; path = "images/paleocurrent selected.ai"; sourceTree = "<group>"; };
		253650A41800AF2D00114127 /* post-it-pencil.ai */ = {isa = PBXFileReference; fileEncoding = 4; lastKnownFileType = text; name = "post-it-pencil.ai"; path = "images/post-it-pencil.ai"; sourceTree = "<group>"; };
		253650A61800C8F100114127 /* grain size.jpg */ = {isa = PBXFileReference; lastKnownFileType = image.jpeg; path = "grain size.jpg"; sourceTree = "<group>"; };
		253650A71800C91300114127 /* soil classification.jpg */ = {isa = PBXFileReference; lastKnownFileType = image.jpeg; path = "soil classification.jpg"; sourceTree = "<group>"; };
		253650AC1803B55B00114127 /* SettingsNavigationController.h */ = {isa = PBXFileReference; fileEncoding = 4; lastKnownFileType = sourcecode.c.h; name = SettingsNavigationController.h; path = ../SettingsNavigationController.h; sourceTree = "<group>"; };
		253650AD1803B55B00114127 /* SettingsNavigationController.m */ = {isa = PBXFileReference; fileEncoding = 4; lastKnownFileType = sourcecode.c.objc; name = SettingsNavigationController.m; path = ../SettingsNavigationController.m; sourceTree = "<group>"; };
		2557E68C1867C36000D36B92 /* Application Notes.rtf */ = {isa = PBXFileReference; lastKnownFileType = text.rtf; path = "Application Notes.rtf"; sourceTree = "<group>"; };
		25890D831655B2670007BC72 /* StratumMaterialsTableController.h */ = {isa = PBXFileReference; fileEncoding = 4; lastKnownFileType = sourcecode.c.h; name = StratumMaterialsTableController.h; path = ../StratumMaterialsTableController.h; sourceTree = "<group>"; };
		25890D841655B2670007BC72 /* StratumMaterialsTableController.m */ = {isa = PBXFileReference; fileEncoding = 4; lastKnownFileType = sourcecode.c.objc; name = StratumMaterialsTableController.m; path = ../StratumMaterialsTableController.m; sourceTree = "<group>"; };
		25890D861655D8990007BC72 /* MaterialPatternView.h */ = {isa = PBXFileReference; fileEncoding = 4; lastKnownFileType = sourcecode.c.h; name = MaterialPatternView.h; path = ../MaterialPatternView.h; sourceTree = "<group>"; };
		25890D871655D8990007BC72 /* MaterialPatternView.m */ = {isa = PBXFileReference; fileEncoding = 4; lastKnownFileType = sourcecode.c.objc; name = MaterialPatternView.m; path = ../MaterialPatternView.m; sourceTree = "<group>"; };
		25890D891655DAD20007BC72 /* MaterialTableViewCell.h */ = {isa = PBXFileReference; fileEncoding = 4; lastKnownFileType = sourcecode.c.h; name = MaterialTableViewCell.h; path = ../MaterialTableViewCell.h; sourceTree = "<group>"; };
		25890D8A1655DAD20007BC72 /* MaterialTableViewCell.m */ = {isa = PBXFileReference; fileEncoding = 4; lastKnownFileType = sourcecode.c.objc; name = MaterialTableViewCell.m; path = ../MaterialTableViewCell.m; sourceTree = "<group>"; };
		2589CF02163F897C00E43147 /* StratiGrapher.app */ = {isa = PBXFileReference; explicitFileType = wrapper.application; includeInIndex = 0; path = StratiGrapher.app; sourceTree = BUILT_PRODUCTS_DIR; };
		2589CF06163F897C00E43147 /* UIKit.framework */ = {isa = PBXFileReference; lastKnownFileType = wrapper.framework; name = UIKit.framework; path = System/Library/Frameworks/UIKit.framework; sourceTree = SDKROOT; };
		2589CF08163F897C00E43147 /* Foundation.framework */ = {isa = PBXFileReference; lastKnownFileType = wrapper.framework; name = Foundation.framework; path = System/Library/Frameworks/Foundation.framework; sourceTree = SDKROOT; };
		2589CF0A163F897C00E43147 /* CoreGraphics.framework */ = {isa = PBXFileReference; lastKnownFileType = wrapper.framework; name = CoreGraphics.framework; path = System/Library/Frameworks/CoreGraphics.framework; sourceTree = SDKROOT; };
		2589CF0E163F897C00E43147 /* StratiGrapher-Info.plist */ = {isa = PBXFileReference; lastKnownFileType = text.plist.xml; path = "StratiGrapher-Info.plist"; sourceTree = "<group>"; };
		2589CF10163F897C00E43147 /* en */ = {isa = PBXFileReference; lastKnownFileType = text.plist.strings; name = en; path = en.lproj/InfoPlist.strings; sourceTree = "<group>"; };
		2589CF12163F897C00E43147 /* main.m */ = {isa = PBXFileReference; lastKnownFileType = sourcecode.c.objc; path = main.m; sourceTree = "<group>"; };
		2589CF14163F897C00E43147 /* StratiGrapher-Prefix.pch */ = {isa = PBXFileReference; lastKnownFileType = sourcecode.c.h; path = "StratiGrapher-Prefix.pch"; sourceTree = "<group>"; };
		2589CF15163F897C00E43147 /* StrataAppDelegate.h */ = {isa = PBXFileReference; lastKnownFileType = sourcecode.c.h; path = StrataAppDelegate.h; sourceTree = "<group>"; };
		2589CF16163F897C00E43147 /* StrataAppDelegate.m */ = {isa = PBXFileReference; lastKnownFileType = sourcecode.c.objc; path = StrataAppDelegate.m; sourceTree = "<group>"; };
		2589CF18163F897D00E43147 /* Default.png */ = {isa = PBXFileReference; lastKnownFileType = image.png; path = Default.png; sourceTree = "<group>"; };
		2589CF1A163F897D00E43147 /* Default@2x.png */ = {isa = PBXFileReference; lastKnownFileType = image.png; path = "Default@2x.png"; sourceTree = "<group>"; };
		2589CF1C163F897D00E43147 /* Default-568h@2x.png */ = {isa = PBXFileReference; lastKnownFileType = image.png; path = "Default-568h@2x.png"; sourceTree = "<group>"; };
		2589CF1F163F897D00E43147 /* en */ = {isa = PBXFileReference; lastKnownFileType = file.storyboard; name = en; path = en.lproj/MainStoryboard.storyboard; sourceTree = "<group>"; };
		2589CF21163F897D00E43147 /* StrataViewController.h */ = {isa = PBXFileReference; lastKnownFileType = sourcecode.c.h; path = StrataViewController.h; sourceTree = "<group>"; };
		2589CF22163F897D00E43147 /* StrataViewController.m */ = {isa = PBXFileReference; lastKnownFileType = sourcecode.c.objc; path = StrataViewController.m; sourceTree = "<group>"; };
		2589CF2C163F8AE200E43147 /* StrataView.h */ = {isa = PBXFileReference; fileEncoding = 4; lastKnownFileType = sourcecode.c.h; path = StrataView.h; sourceTree = "<group>"; };
		2589CF2D163F8AE200E43147 /* StrataView.m */ = {isa = PBXFileReference; fileEncoding = 4; lastKnownFileType = sourcecode.c.objc; path = StrataView.m; sourceTree = "<group>"; };
		258C79451654877D0040F759 /* patterns descriptive text.txt */ = {isa = PBXFileReference; fileEncoding = 4; lastKnownFileType = text; name = "patterns descriptive text.txt"; path = "stratigraphic swatches/patterns descriptive text.txt"; sourceTree = "<group>"; };
		258C982D166C1A7300665158 /* paleocurrent.png */ = {isa = PBXFileReference; lastKnownFileType = image.png; name = paleocurrent.png; path = images/paleocurrent.png; sourceTree = "<group>"; };
		258CF6C01658CE48001E8D20 /* DocumentListTableViewController.h */ = {isa = PBXFileReference; fileEncoding = 4; lastKnownFileType = sourcecode.c.h; name = DocumentListTableViewController.h; path = ../DocumentListTableViewController.h; sourceTree = "<group>"; };
		258CF6C11658CE48001E8D20 /* DocumentListTableViewController.m */ = {isa = PBXFileReference; fileEncoding = 4; lastKnownFileType = sourcecode.c.objc; name = DocumentListTableViewController.m; path = ../DocumentListTableViewController.m; sourceTree = "<group>"; };
		258CF6C31658D18C001E8D20 /* rename.tif */ = {isa = PBXFileReference; lastKnownFileType = image.tiff; name = rename.tif; path = images/rename.tif; sourceTree = "<group>"; };
		258CF6C51658D1DA001E8D20 /* duplicate.tif */ = {isa = PBXFileReference; lastKnownFileType = image.tiff; name = duplicate.tif; path = images/duplicate.tif; sourceTree = "<group>"; };
		258CF6C71658D2A1001E8D20 /* blueButton.png */ = {isa = PBXFileReference; lastKnownFileType = image.png; name = blueButton.png; path = images/blueButton.png; sourceTree = "<group>"; };
		258CF6C81658D2A1001E8D20 /* darkBlueButton.png */ = {isa = PBXFileReference; lastKnownFileType = image.png; name = darkBlueButton.png; path = images/darkBlueButton.png; sourceTree = "<group>"; };
		258CF6C91658D2A1001E8D20 /* darkRedButton.png */ = {isa = PBXFileReference; lastKnownFileType = image.png; name = darkRedButton.png; path = images/darkRedButton.png; sourceTree = "<group>"; };
		258CF6CA1658D2A1001E8D20 /* redButton.png */ = {isa = PBXFileReference; lastKnownFileType = image.png; name = redButton.png; path = images/redButton.png; sourceTree = "<group>"; };
		258D907816731436007EEC9A /* paleocurrent greyscale.png */ = {isa = PBXFileReference; lastKnownFileType = image.png; name = "paleocurrent greyscale.png"; path = "images/paleocurrent greyscale.png"; sourceTree = "<group>"; };
		258E34BC1656E6C200E09A3A /* StrataPageView.h */ = {isa = PBXFileReference; fileEncoding = 4; lastKnownFileType = sourcecode.c.h; name = StrataPageView.h; path = ../StrataPageView.h; sourceTree = "<group>"; };
		258E34BD1656E6C200E09A3A /* StrataPageView.m */ = {isa = PBXFileReference; fileEncoding = 4; lastKnownFileType = sourcecode.c.objc; name = StrataPageView.m; path = ../StrataPageView.m; sourceTree = "<group>"; };
		258E34C11657157C00E09A3A /* StrataNotifications.h */ = {isa = PBXFileReference; lastKnownFileType = sourcecode.c.h; path = StrataNotifications.h; sourceTree = "<group>"; };
		258E5F7D17152CEB006706B3 /* Default~ipad.png */ = {isa = PBXFileReference; lastKnownFileType = image.png; path = "Default~ipad.png"; sourceTree = "<group>"; };
		258E5F8217152E6C006706B3 /* Default-Landscape~ipad.png */ = {isa = PBXFileReference; lastKnownFileType = image.png; path = "Default-Landscape~ipad.png"; sourceTree = "<group>"; };
		258E73841642F14500C12D43 /* move icon.png */ = {isa = PBXFileReference; lastKnownFileType = image.png; path = "move icon.png"; sourceTree = "<group>"; };
		258E73881642F9EA00C12D43 /* Notes.rtf */ = {isa = PBXFileReference; fileEncoding = 4; lastKnownFileType = text.rtf; path = Notes.rtf; sourceTree = "<group>"; };
		258E738A1642FAB400C12D43 /* To do.rtf */ = {isa = PBXFileReference; fileEncoding = 4; lastKnownFileType = text.rtf; path = "To do.rtf"; sourceTree = "<group>"; };
		258EEBB1175657A00097951A /* SectionLabelDetailTableViewController.h */ = {isa = PBXFileReference; fileEncoding = 4; lastKnownFileType = sourcecode.c.h; path = SectionLabelDetailTableViewController.h; sourceTree = "<group>"; };
		258EEBB2175657A10097951A /* SectionLabelDetailTableViewController.m */ = {isa = PBXFileReference; fileEncoding = 4; lastKnownFileType = sourcecode.c.objc; path = SectionLabelDetailTableViewController.m; sourceTree = "<group>"; };
		258F8BB9171E611B0027EA4D /* paleocurrent selected.png */ = {isa = PBXFileReference; lastKnownFileType = image.png; name = "paleocurrent selected.png"; path = "images/paleocurrent selected.png"; sourceTree = "<group>"; };
		258FA2EA1755178B00E439FE /* SectionLabelsTableViewController.h */ = {isa = PBXFileReference; fileEncoding = 4; lastKnownFileType = sourcecode.c.h; path = SectionLabelsTableViewController.h; sourceTree = "<group>"; };
		258FA2EB1755178B00E439FE /* SectionLabelsTableViewController.m */ = {isa = PBXFileReference; fileEncoding = 4; lastKnownFileType = sourcecode.c.objc; path = SectionLabelsTableViewController.m; sourceTree = "<group>"; };
		258FA2EE17551AC400E439FE /* SectionLabelCell.h */ = {isa = PBXFileReference; fileEncoding = 4; lastKnownFileType = sourcecode.c.h; path = SectionLabelCell.h; sourceTree = "<group>"; };
		258FA2EF17551AC400E439FE /* SectionLabelCell.m */ = {isa = PBXFileReference; fileEncoding = 4; lastKnownFileType = sourcecode.c.objc; path = SectionLabelCell.m; sourceTree = "<group>"; };
		258FABA316433356005A00A8 /* IconImage.h */ = {isa = PBXFileReference; fileEncoding = 4; lastKnownFileType = sourcecode.c.h; path = IconImage.h; sourceTree = "<group>"; };
		258FABA416433356005A00A8 /* IconImage.m */ = {isa = PBXFileReference; fileEncoding = 4; lastKnownFileType = sourcecode.c.objc; path = IconImage.m; sourceTree = "<group>"; };
		258FABA71643782D005A00A8 /* StrataModel.h */ = {isa = PBXFileReference; fileEncoding = 4; lastKnownFileType = sourcecode.c.h; lineEnding = 0; path = StrataModel.h; sourceTree = "<group>"; xcLanguageSpecificationIdentifier = xcode.lang.objcpp; };
		258FABA81643782D005A00A8 /* StrataModel.m */ = {isa = PBXFileReference; explicitFileType = sourcecode.c.objc; fileEncoding = 4; lineEnding = 0; path = StrataModel.m; sourceTree = "<group>"; xcLanguageSpecificationIdentifier = xcode.lang.objc; };
		259006C41757F29E004DFDC8 /* StratumInfoNavigationController.h */ = {isa = PBXFileReference; fileEncoding = 4; lastKnownFileType = sourcecode.c.h; path = StratumInfoNavigationController.h; sourceTree = "<group>"; };
		259006C51757F29E004DFDC8 /* StratumInfoNavigationController.m */ = {isa = PBXFileReference; fileEncoding = 4; lastKnownFileType = sourcecode.c.objc; path = StratumInfoNavigationController.m; sourceTree = "<group>"; };
		2590A827164CAC96004FF6B5 /* Graphics.h */ = {isa = PBXFileReference; lastKnownFileType = sourcecode.c.h; path = Graphics.h; sourceTree = "<group>"; };
		2590A82A164F297E004FF6B5 /* FGDCgeostdTM11A2_A-37-01cs2.eps */ = {isa = PBXFileReference; fileEncoding = 4; lastKnownFileType = text; name = "FGDCgeostdTM11A2_A-37-01cs2.eps"; path = "stratigraphic swatches/FGDCgeostdTM11A2_Sec37_cs2/FGDCgeostdTM11A2_A-37-01cs2.eps"; sourceTree = "<group>"; };
		2590A82B164F297E004FF6B5 /* FGDCgeostdTM11A2_A-37-02cs2.eps */ = {isa = PBXFileReference; fileEncoding = 4; lastKnownFileType = text; name = "FGDCgeostdTM11A2_A-37-02cs2.eps"; path = "stratigraphic swatches/FGDCgeostdTM11A2_Sec37_cs2/FGDCgeostdTM11A2_A-37-02cs2.eps"; sourceTree = "<group>"; };
		2590A82C164F297E004FF6B5 /* FGDCgeostdTM11A2_A-37-03cs2.eps */ = {isa = PBXFileReference; fileEncoding = 4; lastKnownFileType = text; name = "FGDCgeostdTM11A2_A-37-03cs2.eps"; path = "stratigraphic swatches/FGDCgeostdTM11A2_Sec37_cs2/FGDCgeostdTM11A2_A-37-03cs2.eps"; sourceTree = "<group>"; };
		2590A830164F2B62004FF6B5 /* FGDCgeostdTM11A2web_Sec37.pdf */ = {isa = PBXFileReference; lastKnownFileType = image.pdf; name = FGDCgeostdTM11A2web_Sec37.pdf; path = "stratigraphic swatches/FGDCgeostdTM11A2web_Sec37.pdf"; sourceTree = "<group>"; };
		2590A8731650BC8E004FF6B5 /* patterns1.pdf */ = {isa = PBXFileReference; lastKnownFileType = image.pdf; name = patterns1.pdf; path = "stratigraphic swatches/patterns1.pdf"; sourceTree = "<group>"; };
		2590CEBF166B0485009525D8 /* patterns1 opt.pdf */ = {isa = PBXFileReference; lastKnownFileType = image.pdf; name = "patterns1 opt.pdf"; path = "stratigraphic swatches/patterns1 opt.pdf"; sourceTree = "<group>"; };
		2590CEC3166B1105009525D8 /* patterns1 multipage.pdf */ = {isa = PBXFileReference; lastKnownFileType = image.pdf; name = "patterns1 multipage.pdf"; path = "stratigraphic swatches/patterns1 multipage.pdf"; sourceTree = "<group>"; };
		2590DC96171CE43600CEA001 /* QuartzCore.framework */ = {isa = PBXFileReference; lastKnownFileType = wrapper.framework; name = QuartzCore.framework; path = System/Library/Frameworks/QuartzCore.framework; sourceTree = SDKROOT; };
		25911D15174F218100839ED5 /* StratumInfoTableViewController.h */ = {isa = PBXFileReference; fileEncoding = 4; lastKnownFileType = sourcecode.c.h; path = StratumInfoTableViewController.h; sourceTree = "<group>"; };
		25911D16174F218100839ED5 /* StratumInfoTableViewController.m */ = {isa = PBXFileReference; fileEncoding = 4; lastKnownFileType = sourcecode.c.objc; path = StratumInfoTableViewController.m; sourceTree = "<group>"; };
		259129E71648491200C08897 /* move icon selected.png */ = {isa = PBXFileReference; lastKnownFileType = image.png; path = "move icon selected.png"; sourceTree = "<group>"; };
		25921D2B168C04D30038E9D9 /* post-it-pencil.png */ = {isa = PBXFileReference; lastKnownFileType = image.png; name = "post-it-pencil.png"; path = "images/post-it-pencil.png"; sourceTree = "<group>"; };
		2592B9EF166487E6006A4497 /* StratumMaterialsControllerDelegate.h */ = {isa = PBXFileReference; lastKnownFileType = sourcecode.c.h; name = StratumMaterialsControllerDelegate.h; path = ../StratumMaterialsControllerDelegate.h; sourceTree = "<group>"; };
		259318F6176E602600A6341A /* LegendView.h */ = {isa = PBXFileReference; fileEncoding = 4; lastKnownFileType = sourcecode.c.h; name = LegendView.h; path = ../LegendView.h; sourceTree = "<group>"; };
		259318F7176E602600A6341A /* LegendView.m */ = {isa = PBXFileReference; fileEncoding = 4; lastKnownFileType = sourcecode.c.objc; name = LegendView.m; path = ../LegendView.m; sourceTree = "<group>"; };
		259339B9173C4560009B60E6 /* Paper with illustrator strat columns.pdf */ = {isa = PBXFileReference; lastKnownFileType = image.pdf; path = "Paper with illustrator strat columns.pdf"; sourceTree = "<group>"; };
		259339BB173C601E009B60E6 /* StratumMaterialsPaletteTableViewController.h */ = {isa = PBXFileReference; fileEncoding = 4; lastKnownFileType = sourcecode.c.h; path = StratumMaterialsPaletteTableViewController.h; sourceTree = "<group>"; };
		259339BC173C601E009B60E6 /* StratumMaterialsPaletteTableViewController.m */ = {isa = PBXFileReference; fileEncoding = 4; lastKnownFileType = sourcecode.c.objc; path = StratumMaterialsPaletteTableViewController.m; sourceTree = "<group>"; };
		2594F0991677158600F1958D /* Strata Recorder.entitlements */ = {isa = PBXFileReference; lastKnownFileType = text.xml; path = "Strata Recorder.entitlements"; sourceTree = "<group>"; };
		259FDA57165DE9300010867E /* DocumentListControllerDelegate.h */ = {isa = PBXFileReference; lastKnownFileType = sourcecode.c.h; path = DocumentListControllerDelegate.h; sourceTree = "<group>"; };
		25AA3CE81860C82300B01E64 /* Format background.png */ = {isa = PBXFileReference; lastKnownFileType = image.png; name = "Format background.png"; path = "images/Format background.png"; sourceTree = "<group>"; };
		25C20BB017111F40003ED123 /* ApplicationIcon.png */ = {isa = PBXFileReference; lastKnownFileType = image.png; path = ApplicationIcon.png; sourceTree = "<group>"; };
		25C47821185EC6BA0020D30A /* StratumInfoNotesViewController.h */ = {isa = PBXFileReference; fileEncoding = 4; lastKnownFileType = sourcecode.c.h; path = StratumInfoNotesViewController.h; sourceTree = "<group>"; };
		25C47822185EC6BA0020D30A /* StratumInfoNotesViewController.m */ = {isa = PBXFileReference; fileEncoding = 4; lastKnownFileType = sourcecode.c.objc; path = StratumInfoNotesViewController.m; sourceTree = "<group>"; };
		25C4782D185F5B1C0020D30A /* StratumGranularityViewController.h */ = {isa = PBXFileReference; fileEncoding = 4; lastKnownFileType = sourcecode.c.h; path = StratumGranularityViewController.h; sourceTree = "<group>"; };
		25C4782E185F5B1C0020D30A /* StratumGranularityViewController.m */ = {isa = PBXFileReference; fileEncoding = 4; lastKnownFileType = sourcecode.c.objc; path = StratumGranularityViewController.m; sourceTree = "<group>"; };
		25C5AA151755650600A66C08 /* AddSectionLabelViewController.h */ = {isa = PBXFileReference; fileEncoding = 4; lastKnownFileType = sourcecode.c.h; path = AddSectionLabelViewController.h; sourceTree = "<group>"; };
		25C5AA161755650600A66C08 /* AddSectionLabelViewController.m */ = {isa = PBXFileReference; fileEncoding = 4; lastKnownFileType = sourcecode.c.objc; path = AddSectionLabelViewController.m; sourceTree = "<group>"; };
		25E7D26F1652C56800109376 /* info icon.png */ = {isa = PBXFileReference; lastKnownFileType = image.png; path = "info icon.png"; sourceTree = "<group>"; };
		25E91B1E16633CC600AFFC0E /* SettingsTableController.h */ = {isa = PBXFileReference; fileEncoding = 4; lastKnownFileType = sourcecode.c.h; name = SettingsTableController.h; path = ../SettingsTableController.h; sourceTree = "<group>"; };
		25E91B1F16633CC600AFFC0E /* SettingsTableController.m */ = {isa = PBXFileReference; fileEncoding = 4; lastKnownFileType = sourcecode.c.objc; name = SettingsTableController.m; path = ../SettingsTableController.m; sourceTree = "<group>"; };
		25E91B251663FBBF00AFFC0E /* SettingsControllerDelegate.h */ = {isa = PBXFileReference; lastKnownFileType = sourcecode.c.h; path = SettingsControllerDelegate.h; sourceTree = "<group>"; };
		25F3F2F0165B568F001A2F53 /* RenameViewController.h */ = {isa = PBXFileReference; fileEncoding = 4; lastKnownFileType = sourcecode.c.h; path = RenameViewController.h; sourceTree = "<group>"; };
		25F3F2F1165B568F001A2F53 /* RenameViewController.m */ = {isa = PBXFileReference; fileEncoding = 4; lastKnownFileType = sourcecode.c.objc; path = RenameViewController.m; sourceTree = "<group>"; };
/* End PBXFileReference section */

/* Begin PBXFrameworksBuildPhase section */
		2589CEFF163F897C00E43147 /* Frameworks */ = {
			isa = PBXFrameworksBuildPhase;
			buildActionMask = 2147483647;
			files = (
				2589CF07163F897C00E43147 /* UIKit.framework in Frameworks */,
				2589CF09163F897C00E43147 /* Foundation.framework in Frameworks */,
				2589CF0B163F897C00E43147 /* CoreGraphics.framework in Frameworks */,
				2590DC97171CE43600CEA001 /* QuartzCore.framework in Frameworks */,
			);
			runOnlyForDeploymentPostprocessing = 0;
		};
/* End PBXFrameworksBuildPhase section */

/* Begin PBXGroup section */
		25890D8C16562B190007BC72 /* Materials */ = {
			isa = PBXGroup;
			children = (
				259339BB173C601E009B60E6 /* StratumMaterialsPaletteTableViewController.h */,
				259339BC173C601E009B60E6 /* StratumMaterialsPaletteTableViewController.m */,
				25C5AA151755650600A66C08 /* AddSectionLabelViewController.h */,
				25890D831655B2670007BC72 /* StratumMaterialsTableController.h */,
				25890D841655B2670007BC72 /* StratumMaterialsTableController.m */,
				2592B9EF166487E6006A4497 /* StratumMaterialsControllerDelegate.h */,
				25890D861655D8990007BC72 /* MaterialPatternView.h */,
				25890D871655D8990007BC72 /* MaterialPatternView.m */,
				25890D891655DAD20007BC72 /* MaterialTableViewCell.h */,
				25890D8A1655DAD20007BC72 /* MaterialTableViewCell.m */,
			);
			name = Materials;
			sourceTree = "<group>";
		};
		2589CEF7163F897C00E43147 = {
			isa = PBXGroup;
			children = (
				2557E68C1867C36000D36B92 /* Application Notes.rtf */,
				258E5F8217152E6C006706B3 /* Default-Landscape~ipad.png */,
				258E5F7D17152CEB006706B3 /* Default~ipad.png */,
				25C20BB017111F40003ED123 /* ApplicationIcon.png */,
				2589CF0C163F897C00E43147 /* Strata Recorder */,
				2589CF05163F897C00E43147 /* Frameworks */,
				2589CF03163F897C00E43147 /* Products */,
			);
			sourceTree = "<group>";
		};
		2589CF03163F897C00E43147 /* Products */ = {
			isa = PBXGroup;
			children = (
				2589CF02163F897C00E43147 /* StratiGrapher.app */,
			);
			name = Products;
			sourceTree = "<group>";
		};
		2589CF05163F897C00E43147 /* Frameworks */ = {
			isa = PBXGroup;
			children = (
				2590DC96171CE43600CEA001 /* QuartzCore.framework */,
				2589CF06163F897C00E43147 /* UIKit.framework */,
				2589CF08163F897C00E43147 /* Foundation.framework */,
				2589CF0A163F897C00E43147 /* CoreGraphics.framework */,
			);
			name = Frameworks;
			sourceTree = "<group>";
		};
		2589CF0C163F897C00E43147 /* Strata Recorder */ = {
			isa = PBXGroup;
			children = (
				2594F0991677158600F1958D /* Strata Recorder.entitlements */,
				25F3F2EA165AB54C001A2F53 /* Popover Menus */,
				258E34C21657159B00E09A3A /* Views */,
				2590C55416423E1000DB9C98 /* images */,
				258E34C3165715F200E09A3A /* General */,
				258E34C01656FC2E00E09A3A /* Model */,
				2589CF0D163F897C00E43147 /* Supporting Files */,
			);
			path = "Strata Recorder";
			sourceTree = "<group>";
		};
		2589CF0D163F897C00E43147 /* Supporting Files */ = {
			isa = PBXGroup;
			children = (
				2589CF1E163F897D00E43147 /* MainStoryboard.storyboard */,
				2590A829164F294F004FF6B5 /* Stratigraphic pattern swatches */,
				258E73881642F9EA00C12D43 /* Notes.rtf */,
				259339B9173C4560009B60E6 /* Paper with illustrator strat columns.pdf */,
				258E738A1642FAB400C12D43 /* To do.rtf */,
				2589CF0E163F897C00E43147 /* StratiGrapher-Info.plist */,
				2589CF0F163F897C00E43147 /* InfoPlist.strings */,
				2589CF12163F897C00E43147 /* main.m */,
				253650A61800C8F100114127 /* grain size.jpg */,
				253650A71800C91300114127 /* soil classification.jpg */,
				2589CF14163F897C00E43147 /* StratiGrapher-Prefix.pch */,
				2589CF18163F897D00E43147 /* Default.png */,
				2589CF1A163F897D00E43147 /* Default@2x.png */,
				2589CF1C163F897D00E43147 /* Default-568h@2x.png */,
			);
			name = "Supporting Files";
			sourceTree = "<group>";
		};
		258E34C01656FC2E00E09A3A /* Model */ = {
			isa = PBXGroup;
			children = (
				258FABA71643782D005A00A8 /* StrataModel.h */,
				258FABA81643782D005A00A8 /* StrataModel.m */,
			);
			name = Model;
			sourceTree = "<group>";
		};
		258E34C21657159B00E09A3A /* Views */ = {
			isa = PBXGroup;
			children = (
				2589CF2C163F8AE200E43147 /* StrataView.h */,
				2589CF2D163F8AE200E43147 /* StrataView.m */,
				258E34BC1656E6C200E09A3A /* StrataPageView.h */,
				258E34BD1656E6C200E09A3A /* StrataPageView.m */,
				25066ED8166A5EF70095C3CC /* StrataToolsView.h */,
				25066ED9166A5EF70095C3CC /* StrataToolsView.m */,
				2589CF21163F897D00E43147 /* StrataViewController.h */,
				2589CF22163F897D00E43147 /* StrataViewController.m */,
				259318F6176E602600A6341A /* LegendView.h */,
				259318F7176E602600A6341A /* LegendView.m */,
			);
			name = Views;
			sourceTree = "<group>";
		};
		258E34C3165715F200E09A3A /* General */ = {
			isa = PBXGroup;
			children = (
				2590A827164CAC96004FF6B5 /* Graphics.h */,
				258E34C11657157C00E09A3A /* StrataNotifications.h */,
				258FABA316433356005A00A8 /* IconImage.h */,
				258FABA416433356005A00A8 /* IconImage.m */,
				2589CF15163F897C00E43147 /* StrataAppDelegate.h */,
				2589CF16163F897C00E43147 /* StrataAppDelegate.m */,
			);
			name = General;
			sourceTree = "<group>";
		};
		259006C21757C865004DFDC8 /* Stratum Info */ = {
			isa = PBXGroup;
			children = (
				259006C41757F29E004DFDC8 /* StratumInfoNavigationController.h */,
				259006C51757F29E004DFDC8 /* StratumInfoNavigationController.m */,
				25911D15174F218100839ED5 /* StratumInfoTableViewController.h */,
				25911D16174F218100839ED5 /* StratumInfoTableViewController.m */,
				25C47821185EC6BA0020D30A /* StratumInfoNotesViewController.h */,
				25C47822185EC6BA0020D30A /* StratumInfoNotesViewController.m */,
				25890D8C16562B190007BC72 /* Materials */,
				25C4782D185F5B1C0020D30A /* StratumGranularityViewController.h */,
				25C4782E185F5B1C0020D30A /* StratumGranularityViewController.m */,
			);
			name = "Stratum Info";
			sourceTree = "<group>";
		};
		259006C7175803FD004DFDC8 /* Settings */ = {
			isa = PBXGroup;
			children = (
				25E91B1E16633CC600AFFC0E /* SettingsTableController.h */,
				25E91B1F16633CC600AFFC0E /* SettingsTableController.m */,
				25E91B251663FBBF00AFFC0E /* SettingsControllerDelegate.h */,
				253650AC1803B55B00114127 /* SettingsNavigationController.h */,
				253650AD1803B55B00114127 /* SettingsNavigationController.m */,
				2591FC8F176657F30008E40E /* Section Labels */,
			);
			name = Settings;
			sourceTree = "<group>";
		};
		2590A829164F294F004FF6B5 /* Stratigraphic pattern swatches */ = {
			isa = PBXGroup;
			children = (
				2590A830164F2B62004FF6B5 /* FGDCgeostdTM11A2web_Sec37.pdf */,
				2590A82A164F297E004FF6B5 /* FGDCgeostdTM11A2_A-37-01cs2.eps */,
				2590A82B164F297E004FF6B5 /* FGDCgeostdTM11A2_A-37-02cs2.eps */,
				2590A82C164F297E004FF6B5 /* FGDCgeostdTM11A2_A-37-03cs2.eps */,
				2590A8731650BC8E004FF6B5 /* patterns1.pdf */,
				2590CEBF166B0485009525D8 /* patterns1 opt.pdf */,
				2590CEC3166B1105009525D8 /* patterns1 multipage.pdf */,
				258C79451654877D0040F759 /* patterns descriptive text.txt */,
			);
			name = "Stratigraphic pattern swatches";
			sourceTree = "<group>";
		};
		2590C55416423E1000DB9C98 /* images */ = {
			isa = PBXGroup;
			children = (
				2536509D1800AEE600114127 /* ApplicationIcon.png */,
				2536509E1800AEE600114127 /* ApplicationIcon.ai */,
				253650A21800AF0C00114127 /* paleocurrent selected.ai */,
				253650A41800AF2D00114127 /* post-it-pencil.ai */,
				25921D2B168C04D30038E9D9 /* post-it-pencil.png */,
				258D907816731436007EEC9A /* paleocurrent greyscale.png */,
				258C982D166C1A7300665158 /* paleocurrent.png */,
				258F8BB9171E611B0027EA4D /* paleocurrent selected.png */,
				25066EE2166A79040095C3CC /* anchor.png */,
				25066EE0166A67CB0095C3CC /* cut.png */,
				258E73841642F14500C12D43 /* move icon.png */,
				259129E71648491200C08897 /* move icon selected.png */,
				25E7D26F1652C56800109376 /* info icon.png */,
				258CF6C31658D18C001E8D20 /* rename.tif */,
				258CF6C51658D1DA001E8D20 /* duplicate.tif */,
				258CF6C71658D2A1001E8D20 /* blueButton.png */,
				258CF6C81658D2A1001E8D20 /* darkBlueButton.png */,
				258CF6C91658D2A1001E8D20 /* darkRedButton.png */,
				258CF6CA1658D2A1001E8D20 /* redButton.png */,
				25AA3CE81860C82300B01E64 /* Format background.png */,
			);
			name = images;
			sourceTree = "<group>";
		};
		2591FC8F176657F30008E40E /* Section Labels */ = {
			isa = PBXGroup;
			children = (
				25C5AA161755650600A66C08 /* AddSectionLabelViewController.m */,
				258EEBB1175657A00097951A /* SectionLabelDetailTableViewController.h */,
				258EEBB2175657A10097951A /* SectionLabelDetailTableViewController.m */,
				258FA2EA1755178B00E439FE /* SectionLabelsTableViewController.h */,
				258FA2EB1755178B00E439FE /* SectionLabelsTableViewController.m */,
				258FA2EE17551AC400E439FE /* SectionLabelCell.h */,
				258FA2EF17551AC400E439FE /* SectionLabelCell.m */,
			);
			name = "Section Labels";
			sourceTree = "<group>";
		};
		2591FC901766581B0008E40E /* Document List */ = {
			isa = PBXGroup;
			children = (
				258CF6C01658CE48001E8D20 /* DocumentListTableViewController.h */,
				258CF6C11658CE48001E8D20 /* DocumentListTableViewController.m */,
				259FDA57165DE9300010867E /* DocumentListControllerDelegate.h */,
				25F3F2F0165B568F001A2F53 /* RenameViewController.h */,
				25F3F2F1165B568F001A2F53 /* RenameViewController.m */,
			);
			name = "Document List";
			sourceTree = "<group>";
		};
		25F3F2EA165AB54C001A2F53 /* Popover Menus */ = {
			isa = PBXGroup;
			children = (
				259006C7175803FD004DFDC8 /* Settings */,
				259006C21757C865004DFDC8 /* Stratum Info */,
				2591FC901766581B0008E40E /* Document List */,
			);
			name = "Popover Menus";
			sourceTree = "<group>";
		};
/* End PBXGroup section */

/* Begin PBXNativeTarget section */
		2589CF01163F897C00E43147 /* StratiGrapher */ = {
			isa = PBXNativeTarget;
			buildConfigurationList = 2589CF26163F897D00E43147 /* Build configuration list for PBXNativeTarget "StratiGrapher" */;
			buildPhases = (
				2589CEFE163F897C00E43147 /* Sources */,
				2589CEFF163F897C00E43147 /* Frameworks */,
				2589CF00163F897C00E43147 /* Resources */,
			);
			buildRules = (
			);
			dependencies = (
			);
			name = StratiGrapher;
			productName = "Strata Recorder";
			productReference = 2589CF02163F897C00E43147 /* StratiGrapher.app */;
			productType = "com.apple.product-type.application";
		};
/* End PBXNativeTarget section */

/* Begin PBXProject section */
		2589CEF9163F897C00E43147 /* Project object */ = {
			isa = PBXProject;
			attributes = {
				CLASSPREFIX = Strata;
				LastUpgradeCheck = 0450;
				ORGANIZATIONNAME = "Don Altman";
			};
			buildConfigurationList = 2589CEFC163F897C00E43147 /* Build configuration list for PBXProject "StratiGrapher" */;
			compatibilityVersion = "Xcode 3.2";
			developmentRegion = English;
			hasScannedForEncodings = 0;
			knownRegions = (
				en,
			);
			mainGroup = 2589CEF7163F897C00E43147;
			productRefGroup = 2589CF03163F897C00E43147 /* Products */;
			projectDirPath = "";
			projectRoot = "";
			targets = (
				2589CF01163F897C00E43147 /* StratiGrapher */,
			);
		};
/* End PBXProject section */

/* Begin PBXResourcesBuildPhase section */
		2589CF00163F897C00E43147 /* Resources */ = {
			isa = PBXResourcesBuildPhase;
			buildActionMask = 2147483647;
			files = (
				2589CF11163F897C00E43147 /* InfoPlist.strings in Resources */,
				2589CF19163F897D00E43147 /* Default.png in Resources */,
				2589CF1B163F897D00E43147 /* Default@2x.png in Resources */,
				2589CF1D163F897D00E43147 /* Default-568h@2x.png in Resources */,
				2589CF20163F897D00E43147 /* MainStoryboard.storyboard in Resources */,
				258E73851642F14500C12D43 /* move icon.png in Resources */,
				259129E81648491200C08897 /* move icon selected.png in Resources */,
				25E7D2701652C56800109376 /* info icon.png in Resources */,
				258C79461654877D0040F759 /* patterns descriptive text.txt in Resources */,
				258CF6C41658D18C001E8D20 /* rename.tif in Resources */,
				258CF6C61658D1DA001E8D20 /* duplicate.tif in Resources */,
				258CF6CB1658D2A1001E8D20 /* blueButton.png in Resources */,
				258CF6CC1658D2A1001E8D20 /* darkBlueButton.png in Resources */,
				258CF6CD1658D2A1001E8D20 /* darkRedButton.png in Resources */,
				258CF6CE1658D2A1001E8D20 /* redButton.png in Resources */,
				25066EE1166A67CB0095C3CC /* cut.png in Resources */,
				25066EE3166A79040095C3CC /* anchor.png in Resources */,
				2590CEC5166B24C2009525D8 /* patterns1 multipage.pdf in Resources */,
				258C982E166C1A7300665158 /* paleocurrent.png in Resources */,
				258D907916731436007EEC9A /* paleocurrent greyscale.png in Resources */,
				25921D2C168C04D30038E9D9 /* post-it-pencil.png in Resources */,
				258E5F7E17152CEB006706B3 /* Default~ipad.png in Resources */,
				258E5F8317152E6C006706B3 /* Default-Landscape~ipad.png in Resources */,
				258F8BBA171E611B0027EA4D /* paleocurrent selected.png in Resources */,
				2536509F1800AEE600114127 /* ApplicationIcon.png in Resources */,
				25AA3CE91860C82300B01E64 /* Format background.png in Resources */,
			);
			runOnlyForDeploymentPostprocessing = 0;
		};
/* End PBXResourcesBuildPhase section */

/* Begin PBXSourcesBuildPhase section */
		2589CEFE163F897C00E43147 /* Sources */ = {
			isa = PBXSourcesBuildPhase;
			buildActionMask = 2147483647;
			files = (
				2589CF13163F897C00E43147 /* main.m in Sources */,
				2589CF17163F897C00E43147 /* StrataAppDelegate.m in Sources */,
				2589CF23163F897D00E43147 /* StrataViewController.m in Sources */,
				2589CF2E163F8AE200E43147 /* StrataView.m in Sources */,
				258FABA516433356005A00A8 /* IconImage.m in Sources */,
				258FABA91643782D005A00A8 /* StrataModel.m in Sources */,
				25890D851655B2670007BC72 /* StratumMaterialsTableController.m in Sources */,
				25890D881655D8990007BC72 /* MaterialPatternView.m in Sources */,
				25890D8B1655DAD20007BC72 /* MaterialTableViewCell.m in Sources */,
				258E34BE1656E6C200E09A3A /* StrataPageView.m in Sources */,
				258CF6C21658CE48001E8D20 /* DocumentListTableViewController.m in Sources */,
				25F3F2F2165B568F001A2F53 /* RenameViewController.m in Sources */,
				25E91B2016633CC600AFFC0E /* SettingsTableController.m in Sources */,
				25066EDA166A5EF70095C3CC /* StrataToolsView.m in Sources */,
				259339BD173C601E009B60E6 /* StratumMaterialsPaletteTableViewController.m in Sources */,
				25911D17174F218100839ED5 /* StratumInfoTableViewController.m in Sources */,
				258FA2EC1755178B00E439FE /* SectionLabelsTableViewController.m in Sources */,
				258FA2F017551AC400E439FE /* SectionLabelCell.m in Sources */,
				25C5AA171755650600A66C08 /* AddSectionLabelViewController.m in Sources */,
				258EEBB3175657A10097951A /* SectionLabelDetailTableViewController.m in Sources */,
				259006C61757F29F004DFDC8 /* StratumInfoNavigationController.m in Sources */,
				259318F8176E602600A6341A /* LegendView.m in Sources */,
				253650AE1803B55C00114127 /* SettingsNavigationController.m in Sources */,
				25C47823185EC6BA0020D30A /* StratumInfoNotesViewController.m in Sources */,
				25C4782F185F5B1C0020D30A /* StratumGranularityViewController.m in Sources */,
			);
			runOnlyForDeploymentPostprocessing = 0;
		};
/* End PBXSourcesBuildPhase section */

/* Begin PBXVariantGroup section */
		2589CF0F163F897C00E43147 /* InfoPlist.strings */ = {
			isa = PBXVariantGroup;
			children = (
				2589CF10163F897C00E43147 /* en */,
			);
			name = InfoPlist.strings;
			sourceTree = "<group>";
		};
		2589CF1E163F897D00E43147 /* MainStoryboard.storyboard */ = {
			isa = PBXVariantGroup;
			children = (
				2589CF1F163F897D00E43147 /* en */,
			);
			name = MainStoryboard.storyboard;
			sourceTree = "<group>";
		};
/* End PBXVariantGroup section */

/* Begin XCBuildConfiguration section */
		2589CF24163F897D00E43147 /* Debug */ = {
			isa = XCBuildConfiguration;
			buildSettings = {
				ALWAYS_SEARCH_USER_PATHS = NO;
				CLANG_CXX_LANGUAGE_STANDARD = "gnu++0x";
				CLANG_CXX_LIBRARY = "libc++";
				CLANG_ENABLE_OBJC_ARC = YES;
				CLANG_WARN_EMPTY_BODY = YES;
				CLANG_WARN__DUPLICATE_METHOD_MATCH = YES;
				"CODE_SIGN_IDENTITY[sdk=iphoneos*]" = "iPhone Developer";
				COPY_PHASE_STRIP = NO;
				GCC_C_LANGUAGE_STANDARD = gnu99;
				GCC_DYNAMIC_NO_PIC = NO;
				GCC_OPTIMIZATION_LEVEL = 0;
				GCC_PREPROCESSOR_DEFINITIONS = (
					"DEBUG=1",
					"$(inherited)",
				);
				GCC_PREPROCESSOR_DEFINITIONS_NOT_USED_IN_PRECOMPS = MUTABLE;
				GCC_SYMBOLS_PRIVATE_EXTERN = NO;
				GCC_WARN_ABOUT_RETURN_TYPE = YES;
				GCC_WARN_UNINITIALIZED_AUTOS = YES;
				GCC_WARN_UNUSED_VARIABLE = YES;
				IPHONEOS_DEPLOYMENT_TARGET = 4.3;
				ONLY_ACTIVE_ARCH = YES;
				SDKROOT = iphoneos;
				TARGETED_DEVICE_FAMILY = 2;
			};
			name = Debug;
		};
		2589CF25163F897D00E43147 /* Release */ = {
			isa = XCBuildConfiguration;
			buildSettings = {
				ALWAYS_SEARCH_USER_PATHS = NO;
				CLANG_CXX_LANGUAGE_STANDARD = "gnu++0x";
				CLANG_CXX_LIBRARY = "libc++";
				CLANG_ENABLE_OBJC_ARC = YES;
				CLANG_WARN_EMPTY_BODY = YES;
				CLANG_WARN__DUPLICATE_METHOD_MATCH = YES;
				"CODE_SIGN_IDENTITY[sdk=iphoneos*]" = "iPhone Developer";
				COPY_PHASE_STRIP = YES;
				GCC_C_LANGUAGE_STANDARD = gnu99;
				GCC_PREPROCESSOR_DEFINITIONS_NOT_USED_IN_PRECOMPS = MUTABLE;
				GCC_WARN_ABOUT_RETURN_TYPE = YES;
				GCC_WARN_UNINITIALIZED_AUTOS = YES;
				GCC_WARN_UNUSED_VARIABLE = YES;
				IPHONEOS_DEPLOYMENT_TARGET = 4.3;
				OTHER_CFLAGS = "-DNS_BLOCK_ASSERTIONS=1";
				SDKROOT = iphoneos;
				TARGETED_DEVICE_FAMILY = 2;
				VALIDATE_PRODUCT = YES;
			};
			name = Release;
		};
		2589CF27163F897D00E43147 /* Debug */ = {
			isa = XCBuildConfiguration;
			buildSettings = {
				CLANG_ENABLE_OBJC_ARC = YES;
				CLANG_WARN_OBJCPP_ARC_ABI = YES;
				CLANG_WARN_OBJC_RECEIVER_WEAK = YES;
				CODE_SIGN_ENTITLEMENTS = "Strata Recorder/Strata Recorder.entitlements";
				GCC_PRECOMPILE_PREFIX_HEADER = YES;
				GCC_PREFIX_HEADER = "Strata Recorder/StratiGrapher-Prefix.pch";
				INFOPLIST_FILE = "Strata Recorder/StratiGrapher-Info.plist";
				IPHONEOS_DEPLOYMENT_TARGET = 5.1;
				ONLY_ACTIVE_ARCH = YES;
				PRODUCT_NAME = "$(TARGET_NAME)";
				WRAPPER_EXTENSION = app;
			};
			name = Debug;
		};
		2589CF28163F897D00E43147 /* Release */ = {
			isa = XCBuildConfiguration;
			buildSettings = {
				CLANG_ENABLE_OBJC_ARC = YES;
				CLANG_WARN_OBJCPP_ARC_ABI = YES;
				CLANG_WARN_OBJC_RECEIVER_WEAK = YES;
				CODE_SIGN_ENTITLEMENTS = "Strata Recorder/Strata Recorder.entitlements";
				GCC_PRECOMPILE_PREFIX_HEADER = YES;
				GCC_PREFIX_HEADER = "Strata Recorder/StratiGrapher-Prefix.pch";
				INFOPLIST_FILE = "Strata Recorder/StratiGrapher-Info.plist";
				IPHONEOS_DEPLOYMENT_TARGET = 5.1;
				ONLY_ACTIVE_ARCH = YES;
				PRODUCT_NAME = "$(TARGET_NAME)";
				WRAPPER_EXTENSION = app;
			};
			name = Release;
		};
/* End XCBuildConfiguration section */

/* Begin XCConfigurationList section */
		2589CEFC163F897C00E43147 /* Build configuration list for PBXProject "StratiGrapher" */ = {
			isa = XCConfigurationList;
			buildConfigurations = (
				2589CF24163F897D00E43147 /* Debug */,
				2589CF25163F897D00E43147 /* Release */,
			);
			defaultConfigurationIsVisible = 0;
			defaultConfigurationName = Release;
		};
		2589CF26163F897D00E43147 /* Build configuration list for PBXNativeTarget "StratiGrapher" */ = {
			isa = XCConfigurationList;
			buildConfigurations = (
				2589CF27163F897D00E43147 /* Debug */,
				2589CF28163F897D00E43147 /* Release */,
			);
			defaultConfigurationIsVisible = 0;
			defaultConfigurationName = Release;
		};
/* End XCConfigurationList section */
	};
	rootObject = 2589CEF9163F897C00E43147 /* Project object */;
}
